// !$*UTF8*$!
{
	archiveVersion = 1;
	classes = {
	};
	objectVersion = 56;
	objects = {

/* Begin PBXBuildFile section */
		042157372B4E8B1D0087733C /* BottomSheet.swift in Sources */ = {isa = PBXBuildFile; fileRef = 042157362B4E8B1D0087733C /* BottomSheet.swift */; };
		0421573A2B4E8B630087733C /* BottomSheetModel.swift in Sources */ = {isa = PBXBuildFile; fileRef = 042157392B4E8B630087733C /* BottomSheetModel.swift */; };
		042157402B5193E70087733C /* ProfileSheet.swift in Sources */ = {isa = PBXBuildFile; fileRef = 0421573F2B5193E70087733C /* ProfileSheet.swift */; };
		042157432B5E87F10087733C /* ErrorView.swift in Sources */ = {isa = PBXBuildFile; fileRef = 042157422B5E87F10087733C /* ErrorView.swift */; };
		042157452B5E91350087733C /* LoginView.swift in Sources */ = {isa = PBXBuildFile; fileRef = 042157442B5E91350087733C /* LoginView.swift */; };
		042157482B5EA9870087733C /* AuthTextField.swift in Sources */ = {isa = PBXBuildFile; fileRef = 042157472B5EA9870087733C /* AuthTextField.swift */; };
		0421574A2B5EAAF10087733C /* AuthButton.swift in Sources */ = {isa = PBXBuildFile; fileRef = 042157492B5EAAF10087733C /* AuthButton.swift */; };
		0421574C2B5EBA8D0087733C /* SignUpView.swift in Sources */ = {isa = PBXBuildFile; fileRef = 0421574B2B5EBA8D0087733C /* SignUpView.swift */; };
		0459CDD62B5FD5AE001C17CB /* LoginViewModel.swift in Sources */ = {isa = PBXBuildFile; fileRef = 0459CDD52B5FD5AE001C17CB /* LoginViewModel.swift */; };
		0459CDD82B5FD7BD001C17CB /* SignUpViewModel.swift in Sources */ = {isa = PBXBuildFile; fileRef = 0459CDD72B5FD7BD001C17CB /* SignUpViewModel.swift */; };
		992308F62B4361FC0091AE14 /* NetworkManager.swift in Sources */ = {isa = PBXBuildFile; fileRef = 992308F52B4361FC0091AE14 /* NetworkManager.swift */; };
		992308F92B4362460091AE14 /* Alamofire in Frameworks */ = {isa = PBXBuildFile; productRef = 992308F82B4362460091AE14 /* Alamofire */; };
		992308FB2B43661F0091AE14 /* CarRepo.swift in Sources */ = {isa = PBXBuildFile; fileRef = 992308FA2B43661F0091AE14 /* CarRepo.swift */; };
		992308FD2B43F7480091AE14 /* NetworkLogger.swift in Sources */ = {isa = PBXBuildFile; fileRef = 992308FC2B43F7480091AE14 /* NetworkLogger.swift */; };
		9958FE7F2B338C4C00D5B370 /* iDriveApp.swift in Sources */ = {isa = PBXBuildFile; fileRef = 9958FE7E2B338C4C00D5B370 /* iDriveApp.swift */; };
		9958FE812B338C4C00D5B370 /* HomeView.swift in Sources */ = {isa = PBXBuildFile; fileRef = 9958FE802B338C4C00D5B370 /* HomeView.swift */; };
		9958FE832B338C4E00D5B370 /* Assets.xcassets in Resources */ = {isa = PBXBuildFile; fileRef = 9958FE822B338C4E00D5B370 /* Assets.xcassets */; };
		9958FE872B338C4E00D5B370 /* Preview Assets.xcassets in Resources */ = {isa = PBXBuildFile; fileRef = 9958FE862B338C4E00D5B370 /* Preview Assets.xcassets */; };
		9958FE912B348D7800D5B370 /* Car.swift in Sources */ = {isa = PBXBuildFile; fileRef = 9958FE902B348D7800D5B370 /* Car.swift */; };
		9958FE932B348EE200D5B370 /* Coordinates.swift in Sources */ = {isa = PBXBuildFile; fileRef = 9958FE922B348EE200D5B370 /* Coordinates.swift */; };
		9958FE972B348FA600D5B370 /* Double.swift in Sources */ = {isa = PBXBuildFile; fileRef = 9958FE962B348FA600D5B370 /* Double.swift */; };
		9958FE992B348FBC00D5B370 /* CarCard.swift in Sources */ = {isa = PBXBuildFile; fileRef = 9958FE982B348FBC00D5B370 /* CarCard.swift */; };
		9958FE9D2B34B68600D5B370 /* HomeViewModel.swift in Sources */ = {isa = PBXBuildFile; fileRef = 9958FE9C2B34B68600D5B370 /* HomeViewModel.swift */; };
		9958FEA02B34B6F900D5B370 /* UiState.swift in Sources */ = {isa = PBXBuildFile; fileRef = 9958FE9F2B34B6F900D5B370 /* UiState.swift */; };
		9958FEA22B34B74D00D5B370 /* DVError.swift in Sources */ = {isa = PBXBuildFile; fileRef = 9958FEA12B34B74D00D5B370 /* DVError.swift */; };
		9958FEA52B34C0C100D5B370 /* Array.swift in Sources */ = {isa = PBXBuildFile; fileRef = 9958FEA42B34C0C100D5B370 /* Array.swift */; };
		9958FEA92B34F9F900D5B370 /* CarDetailsSheet.swift in Sources */ = {isa = PBXBuildFile; fileRef = 9958FEA82B34F9F900D5B370 /* CarDetailsSheet.swift */; };
		9958FEAB2B3590E100D5B370 /* User.swift in Sources */ = {isa = PBXBuildFile; fileRef = 9958FEAA2B3590E100D5B370 /* User.swift */; };
		9958FEAD2B35919C00D5B370 /* Client.swift in Sources */ = {isa = PBXBuildFile; fileRef = 9958FEAC2B35919C00D5B370 /* Client.swift */; };
		9958FEAF2B3591D400D5B370 /* Owner.swift in Sources */ = {isa = PBXBuildFile; fileRef = 9958FEAE2B3591D400D5B370 /* Owner.swift */; };
		9958FEB22B359A4400D5B370 /* EngineType.swift in Sources */ = {isa = PBXBuildFile; fileRef = 9958FEB12B359A4400D5B370 /* EngineType.swift */; };
		9958FEB82B35D3B100D5B370 /* LocationManager.swift in Sources */ = {isa = PBXBuildFile; fileRef = 9958FEB72B35D3B100D5B370 /* LocationManager.swift */; };
		9958FEBA2B35D99000D5B370 /* CarStatus.swift in Sources */ = {isa = PBXBuildFile; fileRef = 9958FEB92B35D98F00D5B370 /* CarStatus.swift */; };
		995FB14A2B4AC9B4004B4B4D /* PackagesSheet.swift in Sources */ = {isa = PBXBuildFile; fileRef = 995FB1492B4AC9B4004B4B4D /* PackagesSheet.swift */; };
		995FB14D2B4ACBC7004B4B4D /* DatePickerSheet.swift in Sources */ = {isa = PBXBuildFile; fileRef = 995FB14C2B4ACBC7004B4B4D /* DatePickerSheet.swift */; };
		99D761E22B361ABC00695854 /* Transmission.swift in Sources */ = {isa = PBXBuildFile; fileRef = 99D761E12B361ABC00695854 /* Transmission.swift */; };
		99D761E42B361B0300695854 /* Engine.swift in Sources */ = {isa = PBXBuildFile; fileRef = 99D761E32B361B0300695854 /* Engine.swift */; };
		99D761E82B363A1A00695854 /* Package.swift in Sources */ = {isa = PBXBuildFile; fileRef = 99D761E72B363A1A00695854 /* Package.swift */; };
		99D761ED2B36FC2A00695854 /* Date.swift in Sources */ = {isa = PBXBuildFile; fileRef = 99D761EC2B36FC2A00695854 /* Date.swift */; };
		99D761EF2B374FBF00695854 /* Pricing.swift in Sources */ = {isa = PBXBuildFile; fileRef = 99D761EE2B374FBF00695854 /* Pricing.swift */; };
		99D761F12B37511E00695854 /* CarDetailsViewModel.swift in Sources */ = {isa = PBXBuildFile; fileRef = 99D761F02B37511E00695854 /* CarDetailsViewModel.swift */; };
/* End PBXBuildFile section */

/* Begin PBXFileReference section */
		042157362B4E8B1D0087733C /* BottomSheet.swift */ = {isa = PBXFileReference; lastKnownFileType = sourcecode.swift; path = BottomSheet.swift; sourceTree = "<group>"; };
		042157392B4E8B630087733C /* BottomSheetModel.swift */ = {isa = PBXFileReference; lastKnownFileType = sourcecode.swift; path = BottomSheetModel.swift; sourceTree = "<group>"; };
		0421573F2B5193E70087733C /* ProfileSheet.swift */ = {isa = PBXFileReference; lastKnownFileType = sourcecode.swift; path = ProfileSheet.swift; sourceTree = "<group>"; };
		042157422B5E87F10087733C /* ErrorView.swift */ = {isa = PBXFileReference; lastKnownFileType = sourcecode.swift; path = ErrorView.swift; sourceTree = "<group>"; };
		042157442B5E91350087733C /* LoginView.swift */ = {isa = PBXFileReference; lastKnownFileType = sourcecode.swift; path = LoginView.swift; sourceTree = "<group>"; };
		042157472B5EA9870087733C /* AuthTextField.swift */ = {isa = PBXFileReference; lastKnownFileType = sourcecode.swift; path = AuthTextField.swift; sourceTree = "<group>"; };
		042157492B5EAAF10087733C /* AuthButton.swift */ = {isa = PBXFileReference; lastKnownFileType = sourcecode.swift; path = AuthButton.swift; sourceTree = "<group>"; };
		0421574B2B5EBA8D0087733C /* SignUpView.swift */ = {isa = PBXFileReference; lastKnownFileType = sourcecode.swift; path = SignUpView.swift; sourceTree = "<group>"; };
		0459CDD52B5FD5AE001C17CB /* LoginViewModel.swift */ = {isa = PBXFileReference; lastKnownFileType = sourcecode.swift; path = LoginViewModel.swift; sourceTree = "<group>"; };
		0459CDD72B5FD7BD001C17CB /* SignUpViewModel.swift */ = {isa = PBXFileReference; lastKnownFileType = sourcecode.swift; path = SignUpViewModel.swift; sourceTree = "<group>"; };
		992308F52B4361FC0091AE14 /* NetworkManager.swift */ = {isa = PBXFileReference; lastKnownFileType = sourcecode.swift; path = NetworkManager.swift; sourceTree = "<group>"; };
		992308FA2B43661F0091AE14 /* CarRepo.swift */ = {isa = PBXFileReference; lastKnownFileType = sourcecode.swift; path = CarRepo.swift; sourceTree = "<group>"; };
		992308FC2B43F7480091AE14 /* NetworkLogger.swift */ = {isa = PBXFileReference; lastKnownFileType = sourcecode.swift; path = NetworkLogger.swift; sourceTree = "<group>"; };
		9958FE7B2B338C4C00D5B370 /* iDrive.app */ = {isa = PBXFileReference; explicitFileType = wrapper.application; includeInIndex = 0; path = iDrive.app; sourceTree = BUILT_PRODUCTS_DIR; };
		9958FE7E2B338C4C00D5B370 /* iDriveApp.swift */ = {isa = PBXFileReference; lastKnownFileType = sourcecode.swift; path = iDriveApp.swift; sourceTree = "<group>"; };
		9958FE802B338C4C00D5B370 /* HomeView.swift */ = {isa = PBXFileReference; lastKnownFileType = sourcecode.swift; path = HomeView.swift; sourceTree = "<group>"; };
		9958FE822B338C4E00D5B370 /* Assets.xcassets */ = {isa = PBXFileReference; lastKnownFileType = folder.assetcatalog; path = Assets.xcassets; sourceTree = "<group>"; };
		9958FE842B338C4E00D5B370 /* iDrive.entitlements */ = {isa = PBXFileReference; lastKnownFileType = text.plist.entitlements; path = iDrive.entitlements; sourceTree = "<group>"; };
		9958FE862B338C4E00D5B370 /* Preview Assets.xcassets */ = {isa = PBXFileReference; lastKnownFileType = folder.assetcatalog; path = "Preview Assets.xcassets"; sourceTree = "<group>"; };
		9958FE902B348D7800D5B370 /* Car.swift */ = {isa = PBXFileReference; lastKnownFileType = sourcecode.swift; path = Car.swift; sourceTree = "<group>"; };
		9958FE922B348EE200D5B370 /* Coordinates.swift */ = {isa = PBXFileReference; lastKnownFileType = sourcecode.swift; path = Coordinates.swift; sourceTree = "<group>"; };
		9958FE962B348FA600D5B370 /* Double.swift */ = {isa = PBXFileReference; lastKnownFileType = sourcecode.swift; path = Double.swift; sourceTree = "<group>"; };
		9958FE982B348FBC00D5B370 /* CarCard.swift */ = {isa = PBXFileReference; lastKnownFileType = sourcecode.swift; path = CarCard.swift; sourceTree = "<group>"; };
		9958FE9C2B34B68600D5B370 /* HomeViewModel.swift */ = {isa = PBXFileReference; lastKnownFileType = sourcecode.swift; path = HomeViewModel.swift; sourceTree = "<group>"; };
		9958FE9F2B34B6F900D5B370 /* UiState.swift */ = {isa = PBXFileReference; lastKnownFileType = sourcecode.swift; path = UiState.swift; sourceTree = "<group>"; };
		9958FEA12B34B74D00D5B370 /* DVError.swift */ = {isa = PBXFileReference; lastKnownFileType = sourcecode.swift; path = DVError.swift; sourceTree = "<group>"; };
		9958FEA42B34C0C100D5B370 /* Array.swift */ = {isa = PBXFileReference; lastKnownFileType = sourcecode.swift; path = Array.swift; sourceTree = "<group>"; };
		9958FEA82B34F9F900D5B370 /* CarDetailsSheet.swift */ = {isa = PBXFileReference; lastKnownFileType = sourcecode.swift; path = CarDetailsSheet.swift; sourceTree = "<group>"; };
		9958FEAA2B3590E100D5B370 /* User.swift */ = {isa = PBXFileReference; lastKnownFileType = sourcecode.swift; path = User.swift; sourceTree = "<group>"; };
		9958FEAC2B35919C00D5B370 /* Client.swift */ = {isa = PBXFileReference; lastKnownFileType = sourcecode.swift; path = Client.swift; sourceTree = "<group>"; };
		9958FEAE2B3591D400D5B370 /* Owner.swift */ = {isa = PBXFileReference; lastKnownFileType = sourcecode.swift; path = Owner.swift; sourceTree = "<group>"; };
		9958FEB12B359A4400D5B370 /* EngineType.swift */ = {isa = PBXFileReference; lastKnownFileType = sourcecode.swift; path = EngineType.swift; sourceTree = "<group>"; };
		9958FEB62B35C7E100D5B370 /* Info.plist */ = {isa = PBXFileReference; lastKnownFileType = text.plist; path = Info.plist; sourceTree = "<group>"; };
		9958FEB72B35D3B100D5B370 /* LocationManager.swift */ = {isa = PBXFileReference; lastKnownFileType = sourcecode.swift; path = LocationManager.swift; sourceTree = "<group>"; };
		9958FEB92B35D98F00D5B370 /* CarStatus.swift */ = {isa = PBXFileReference; lastKnownFileType = sourcecode.swift; path = CarStatus.swift; sourceTree = "<group>"; };
		995FB1492B4AC9B4004B4B4D /* PackagesSheet.swift */ = {isa = PBXFileReference; lastKnownFileType = sourcecode.swift; path = PackagesSheet.swift; sourceTree = "<group>"; };
		995FB14C2B4ACBC7004B4B4D /* DatePickerSheet.swift */ = {isa = PBXFileReference; lastKnownFileType = sourcecode.swift; path = DatePickerSheet.swift; sourceTree = "<group>"; };
		99D761E12B361ABC00695854 /* Transmission.swift */ = {isa = PBXFileReference; lastKnownFileType = sourcecode.swift; path = Transmission.swift; sourceTree = "<group>"; };
		99D761E32B361B0300695854 /* Engine.swift */ = {isa = PBXFileReference; lastKnownFileType = sourcecode.swift; path = Engine.swift; sourceTree = "<group>"; };
		99D761E72B363A1A00695854 /* Package.swift */ = {isa = PBXFileReference; lastKnownFileType = sourcecode.swift; path = Package.swift; sourceTree = "<group>"; };
		99D761EC2B36FC2A00695854 /* Date.swift */ = {isa = PBXFileReference; lastKnownFileType = sourcecode.swift; path = Date.swift; sourceTree = "<group>"; };
		99D761EE2B374FBF00695854 /* Pricing.swift */ = {isa = PBXFileReference; lastKnownFileType = sourcecode.swift; path = Pricing.swift; sourceTree = "<group>"; };
		99D761F02B37511E00695854 /* CarDetailsViewModel.swift */ = {isa = PBXFileReference; lastKnownFileType = sourcecode.swift; path = CarDetailsViewModel.swift; sourceTree = "<group>"; };
/* End PBXFileReference section */

/* Begin PBXFrameworksBuildPhase section */
		9958FE782B338C4C00D5B370 /* Frameworks */ = {
			isa = PBXFrameworksBuildPhase;
			buildActionMask = 2147483647;
			files = (
				992308F92B4362460091AE14 /* Alamofire in Frameworks */,
			);
			runOnlyForDeploymentPostprocessing = 0;
		};
/* End PBXFrameworksBuildPhase section */

/* Begin PBXGroup section */
		042157382B4E8B220087733C /* BottomSheet */ = {
			isa = PBXGroup;
			children = (
				042157362B4E8B1D0087733C /* BottomSheet.swift */,
				042157392B4E8B630087733C /* BottomSheetModel.swift */,
			);
			path = BottomSheet;
			sourceTree = "<group>";
		};
		0421573E2B5193CF0087733C /* Profile */ = {
			isa = PBXGroup;
			children = (
				0421573F2B5193E70087733C /* ProfileSheet.swift */,
			);
			path = Profile;
			sourceTree = "<group>";
		};
		042157462B5E913B0087733C /* Auth */ = {
			isa = PBXGroup;
			children = (
				0459CDD22B5FD27E001C17CB /* Login */,
				0459CDD32B5FD284001C17CB /* SignUp */,
				0459CDD42B5FD291001C17CB /* Components */,
			);
			path = Auth;
			sourceTree = "<group>";
		};
		0459CDD22B5FD27E001C17CB /* Login */ = {
			isa = PBXGroup;
			children = (
				042157442B5E91350087733C /* LoginView.swift */,
				0459CDD52B5FD5AE001C17CB /* LoginViewModel.swift */,
			);
			path = Login;
			sourceTree = "<group>";
		};
		0459CDD32B5FD284001C17CB /* SignUp */ = {
			isa = PBXGroup;
			children = (
				0421574B2B5EBA8D0087733C /* SignUpView.swift */,
				0459CDD72B5FD7BD001C17CB /* SignUpViewModel.swift */,
			);
			path = SignUp;
			sourceTree = "<group>";
		};
		0459CDD42B5FD291001C17CB /* Components */ = {
			isa = PBXGroup;
			children = (
				042157472B5EA9870087733C /* AuthTextField.swift */,
				042157492B5EAAF10087733C /* AuthButton.swift */,
			);
			path = Components;
			sourceTree = "<group>";
		};
		992308F42B4361EE0091AE14 /* Repos */ = {
			isa = PBXGroup;
			children = (
				992308FA2B43661F0091AE14 /* CarRepo.swift */,
			);
			path = Repos;
			sourceTree = "<group>";
		};
		9958FE722B338C4C00D5B370 = {
			isa = PBXGroup;
			children = (
				9958FE7D2B338C4C00D5B370 /* iDrive */,
				9958FE7C2B338C4C00D5B370 /* Products */,
			);
			sourceTree = "<group>";
		};
		9958FE7C2B338C4C00D5B370 /* Products */ = {
			isa = PBXGroup;
			children = (
				9958FE7B2B338C4C00D5B370 /* iDrive.app */,
			);
			name = Products;
			sourceTree = "<group>";
		};
		9958FE7D2B338C4C00D5B370 /* iDrive */ = {
			isa = PBXGroup;
			children = (
				992308F42B4361EE0091AE14 /* Repos */,
				9958FEB62B35C7E100D5B370 /* Info.plist */,
				9958FEB32B35C08700D5B370 /* Managers */,
				9958FE9E2B34B6ED00D5B370 /* UiState */,
				9958FE9A2B34B66D00D5B370 /* Views */,
				9958FE8F2B348D6400D5B370 /* Extensions */,
				9958FE8E2B348D5D00D5B370 /* Components */,
				9958FE8D2B348D5500D5B370 /* Models */,
				9958FE7E2B338C4C00D5B370 /* iDriveApp.swift */,
				9958FE822B338C4E00D5B370 /* Assets.xcassets */,
				9958FE842B338C4E00D5B370 /* iDrive.entitlements */,
				9958FE852B338C4E00D5B370 /* Preview Content */,
			);
			path = iDrive;
			sourceTree = "<group>";
		};
		9958FE852B338C4E00D5B370 /* Preview Content */ = {
			isa = PBXGroup;
			children = (
				9958FE862B338C4E00D5B370 /* Preview Assets.xcassets */,
			);
			path = "Preview Content";
			sourceTree = "<group>";
		};
		9958FE8D2B348D5500D5B370 /* Models */ = {
			isa = PBXGroup;
			children = (
				9958FE902B348D7800D5B370 /* Car.swift */,
				9958FE922B348EE200D5B370 /* Coordinates.swift */,
				9958FEA12B34B74D00D5B370 /* DVError.swift */,
				9958FEAA2B3590E100D5B370 /* User.swift */,
				9958FEAC2B35919C00D5B370 /* Client.swift */,
				9958FEAE2B3591D400D5B370 /* Owner.swift */,
				9958FEB12B359A4400D5B370 /* EngineType.swift */,
				9958FEB92B35D98F00D5B370 /* CarStatus.swift */,
				99D761E12B361ABC00695854 /* Transmission.swift */,
				99D761E32B361B0300695854 /* Engine.swift */,
				99D761E72B363A1A00695854 /* Package.swift */,
				99D761EE2B374FBF00695854 /* Pricing.swift */,
			);
			path = Models;
			sourceTree = "<group>";
		};
		9958FE8E2B348D5D00D5B370 /* Components */ = {
			isa = PBXGroup;
			children = (
				042157422B5E87F10087733C /* ErrorView.swift */,
				9958FE982B348FBC00D5B370 /* CarCard.swift */,
			);
			path = Components;
			sourceTree = "<group>";
		};
		9958FE8F2B348D6400D5B370 /* Extensions */ = {
			isa = PBXGroup;
			children = (
				9958FEA32B34C0AB00D5B370 /* MapKit */,
				9958FE942B348F7B00D5B370 /* Foundation */,
			);
			path = Extensions;
			sourceTree = "<group>";
		};
		9958FE942B348F7B00D5B370 /* Foundation */ = {
			isa = PBXGroup;
			children = (
				9958FE962B348FA600D5B370 /* Double.swift */,
				9958FEA42B34C0C100D5B370 /* Array.swift */,
				99D761EC2B36FC2A00695854 /* Date.swift */,
			);
			path = Foundation;
			sourceTree = "<group>";
		};
		9958FE9A2B34B66D00D5B370 /* Views */ = {
			isa = PBXGroup;
			children = (
				0421573E2B5193CF0087733C /* Profile */,
				9958FE9B2B34B67600D5B370 /* Home */,
				042157382B4E8B220087733C /* BottomSheet */,
				9958FEB02B35923500D5B370 /* CarDetails */,
				995FB14B2B4AC9C4004B4B4D /* Packages */,
				995FB14E2B4ACBCD004B4B4D /* DatePicker */,
				042157462B5E913B0087733C /* Auth */,
			);
			path = Views;
			sourceTree = "<group>";
		};
		9958FE9B2B34B67600D5B370 /* Home */ = {
			isa = PBXGroup;
			children = (
				9958FE802B338C4C00D5B370 /* HomeView.swift */,
				9958FE9C2B34B68600D5B370 /* HomeViewModel.swift */,
			);
			path = Home;
			sourceTree = "<group>";
		};
		9958FE9E2B34B6ED00D5B370 /* UiState */ = {
			isa = PBXGroup;
			children = (
				9958FE9F2B34B6F900D5B370 /* UiState.swift */,
			);
			path = UiState;
			sourceTree = "<group>";
		};
		9958FEA32B34C0AB00D5B370 /* MapKit */ = {
			isa = PBXGroup;
			children = (
			);
			path = MapKit;
			sourceTree = "<group>";
		};
		9958FEB02B35923500D5B370 /* CarDetails */ = {
			isa = PBXGroup;
			children = (
				9958FEA82B34F9F900D5B370 /* CarDetailsSheet.swift */,
				99D761F02B37511E00695854 /* CarDetailsViewModel.swift */,
			);
			path = CarDetails;
			sourceTree = "<group>";
		};
		9958FEB32B35C08700D5B370 /* Managers */ = {
			isa = PBXGroup;
			children = (
				9958FEB72B35D3B100D5B370 /* LocationManager.swift */,
				992308F52B4361FC0091AE14 /* NetworkManager.swift */,
				992308FC2B43F7480091AE14 /* NetworkLogger.swift */,
			);
			path = Managers;
			sourceTree = "<group>";
		};
		995FB14B2B4AC9C4004B4B4D /* Packages */ = {
			isa = PBXGroup;
			children = (
				995FB1492B4AC9B4004B4B4D /* PackagesSheet.swift */,
			);
			path = Packages;
			sourceTree = "<group>";
		};
		995FB14E2B4ACBCD004B4B4D /* DatePicker */ = {
			isa = PBXGroup;
			children = (
				995FB14C2B4ACBC7004B4B4D /* DatePickerSheet.swift */,
			);
			path = DatePicker;
			sourceTree = "<group>";
		};
/* End PBXGroup section */

/* Begin PBXNativeTarget section */
		9958FE7A2B338C4C00D5B370 /* iDrive */ = {
			isa = PBXNativeTarget;
			buildConfigurationList = 9958FE8A2B338C4E00D5B370 /* Build configuration list for PBXNativeTarget "iDrive" */;
			buildPhases = (
				9958FE772B338C4C00D5B370 /* Sources */,
				9958FE782B338C4C00D5B370 /* Frameworks */,
				9958FE792B338C4C00D5B370 /* Resources */,
				041831D72B624A4900D424A3 /* ShellScript */,
			);
			buildRules = (
			);
			dependencies = (
			);
			name = iDrive;
			packageProductDependencies = (
				992308F82B4362460091AE14 /* Alamofire */,
			);
			productName = iDrive;
			productReference = 9958FE7B2B338C4C00D5B370 /* iDrive.app */;
			productType = "com.apple.product-type.application";
		};
/* End PBXNativeTarget section */

/* Begin PBXProject section */
		9958FE732B338C4C00D5B370 /* Project object */ = {
			isa = PBXProject;
			attributes = {
				BuildIndependentTargetsInParallel = 1;
				LastSwiftUpdateCheck = 1510;
				LastUpgradeCheck = 1510;
				TargetAttributes = {
					9958FE7A2B338C4C00D5B370 = {
						CreatedOnToolsVersion = 15.1;
					};
				};
			};
			buildConfigurationList = 9958FE762B338C4C00D5B370 /* Build configuration list for PBXProject "iDrive" */;
			compatibilityVersion = "Xcode 14.0";
			developmentRegion = en;
			hasScannedForEncodings = 0;
			knownRegions = (
				en,
				Base,
			);
			mainGroup = 9958FE722B338C4C00D5B370;
			packageReferences = (
				992308F72B4362460091AE14 /* XCRemoteSwiftPackageReference "Alamofire" */,
			);
			productRefGroup = 9958FE7C2B338C4C00D5B370 /* Products */;
			projectDirPath = "";
			projectRoot = "";
			targets = (
				9958FE7A2B338C4C00D5B370 /* iDrive */,
			);
		};
/* End PBXProject section */

/* Begin PBXResourcesBuildPhase section */
		9958FE792B338C4C00D5B370 /* Resources */ = {
			isa = PBXResourcesBuildPhase;
			buildActionMask = 2147483647;
			files = (
				9958FE872B338C4E00D5B370 /* Preview Assets.xcassets in Resources */,
				9958FE832B338C4E00D5B370 /* Assets.xcassets in Resources */,
			);
			runOnlyForDeploymentPostprocessing = 0;
		};
/* End PBXResourcesBuildPhase section */

/* Begin PBXShellScriptBuildPhase section */
		041831D72B624A4900D424A3 /* ShellScript */ = {
			isa = PBXShellScriptBuildPhase;
			buildActionMask = 2147483647;
			files = (
			);
			inputFileListPaths = (
			);
			inputPaths = (
			);
			outputFileListPaths = (
			);
			outputPaths = (
			);
			runOnlyForDeploymentPostprocessing = 0;
			shellPath = /bin/sh;
			shellScript = "if [[ \"$(uname -m)\" == arm64 ]]; then\n    export PATH=\"/opt/homebrew/bin:$PATH\"\nfi\n\nif which swiftlint >/dev/null; then\n    swiftlint --fix && swiftlint\nelse \n    echo \"warning: SwiftLint not installed, download from https://github.com/realm/SwiftLint\"\nfi\n";
		};
/* End PBXShellScriptBuildPhase section */

/* Begin PBXSourcesBuildPhase section */
		9958FE772B338C4C00D5B370 /* Sources */ = {
			isa = PBXSourcesBuildPhase;
			buildActionMask = 2147483647;
			files = (
				9958FE812B338C4C00D5B370 /* HomeView.swift in Sources */,
				0421574A2B5EAAF10087733C /* AuthButton.swift in Sources */,
				9958FEA52B34C0C100D5B370 /* Array.swift in Sources */,
				9958FEBA2B35D99000D5B370 /* CarStatus.swift in Sources */,
				99D761E82B363A1A00695854 /* Package.swift in Sources */,
				99D761F12B37511E00695854 /* CarDetailsViewModel.swift in Sources */,
				995FB14A2B4AC9B4004B4B4D /* PackagesSheet.swift in Sources */,
				0421573A2B4E8B630087733C /* BottomSheetModel.swift in Sources */,
				99D761E22B361ABC00695854 /* Transmission.swift in Sources */,
				99D761EF2B374FBF00695854 /* Pricing.swift in Sources */,
				9958FEA22B34B74D00D5B370 /* DVError.swift in Sources */,
				042157432B5E87F10087733C /* ErrorView.swift in Sources */,
				9958FEA92B34F9F900D5B370 /* CarDetailsSheet.swift in Sources */,
				9958FEB82B35D3B100D5B370 /* LocationManager.swift in Sources */,
				9958FEB22B359A4400D5B370 /* EngineType.swift in Sources */,
				042157452B5E91350087733C /* LoginView.swift in Sources */,
				9958FE7F2B338C4C00D5B370 /* iDriveApp.swift in Sources */,
				995FB14D2B4ACBC7004B4B4D /* DatePickerSheet.swift in Sources */,
				9958FE9D2B34B68600D5B370 /* HomeViewModel.swift in Sources */,
				9958FEAD2B35919C00D5B370 /* Client.swift in Sources */,
				9958FE912B348D7800D5B370 /* Car.swift in Sources */,
				992308FD2B43F7480091AE14 /* NetworkLogger.swift in Sources */,
				9958FE972B348FA600D5B370 /* Double.swift in Sources */,
				9958FEAF2B3591D400D5B370 /* Owner.swift in Sources */,
				0459CDD82B5FD7BD001C17CB /* SignUpViewModel.swift in Sources */,
				99D761E42B361B0300695854 /* Engine.swift in Sources */,
				0421574C2B5EBA8D0087733C /* SignUpView.swift in Sources */,
				042157402B5193E70087733C /* ProfileSheet.swift in Sources */,
				992308FB2B43661F0091AE14 /* CarRepo.swift in Sources */,
				9958FEAB2B3590E100D5B370 /* User.swift in Sources */,
				0459CDD62B5FD5AE001C17CB /* LoginViewModel.swift in Sources */,
				9958FE992B348FBC00D5B370 /* CarCard.swift in Sources */,
				042157372B4E8B1D0087733C /* BottomSheet.swift in Sources */,
				9958FE932B348EE200D5B370 /* Coordinates.swift in Sources */,
				99D761ED2B36FC2A00695854 /* Date.swift in Sources */,
				992308F62B4361FC0091AE14 /* NetworkManager.swift in Sources */,
				9958FEA02B34B6F900D5B370 /* UiState.swift in Sources */,
				042157482B5EA9870087733C /* AuthTextField.swift in Sources */,
			);
			runOnlyForDeploymentPostprocessing = 0;
		};
/* End PBXSourcesBuildPhase section */

/* Begin XCBuildConfiguration section */
		9958FE882B338C4E00D5B370 /* Debug */ = {
			isa = XCBuildConfiguration;
			buildSettings = {
				ALWAYS_SEARCH_USER_PATHS = NO;
				ASSETCATALOG_COMPILER_GENERATE_SWIFT_ASSET_SYMBOL_EXTENSIONS = YES;
				CLANG_ANALYZER_NONNULL = YES;
				CLANG_ANALYZER_NUMBER_OBJECT_CONVERSION = YES_AGGRESSIVE;
				CLANG_CXX_LANGUAGE_STANDARD = "gnu++20";
				CLANG_ENABLE_MODULES = YES;
				CLANG_ENABLE_OBJC_ARC = YES;
				CLANG_ENABLE_OBJC_WEAK = YES;
				CLANG_WARN_BLOCK_CAPTURE_AUTORELEASING = YES;
				CLANG_WARN_BOOL_CONVERSION = YES;
				CLANG_WARN_COMMA = YES;
				CLANG_WARN_CONSTANT_CONVERSION = YES;
				CLANG_WARN_DEPRECATED_OBJC_IMPLEMENTATIONS = YES;
				CLANG_WARN_DIRECT_OBJC_ISA_USAGE = YES_ERROR;
				CLANG_WARN_DOCUMENTATION_COMMENTS = YES;
				CLANG_WARN_EMPTY_BODY = YES;
				CLANG_WARN_ENUM_CONVERSION = YES;
				CLANG_WARN_INFINITE_RECURSION = YES;
				CLANG_WARN_INT_CONVERSION = YES;
				CLANG_WARN_NON_LITERAL_NULL_CONVERSION = YES;
				CLANG_WARN_OBJC_IMPLICIT_RETAIN_SELF = YES;
				CLANG_WARN_OBJC_LITERAL_CONVERSION = YES;
				CLANG_WARN_OBJC_ROOT_CLASS = YES_ERROR;
				CLANG_WARN_QUOTED_INCLUDE_IN_FRAMEWORK_HEADER = YES;
				CLANG_WARN_RANGE_LOOP_ANALYSIS = YES;
				CLANG_WARN_STRICT_PROTOTYPES = YES;
				CLANG_WARN_SUSPICIOUS_MOVE = YES;
				CLANG_WARN_UNGUARDED_AVAILABILITY = YES_AGGRESSIVE;
				CLANG_WARN_UNREACHABLE_CODE = YES;
				CLANG_WARN__DUPLICATE_METHOD_MATCH = YES;
				COPY_PHASE_STRIP = NO;
				DEBUG_INFORMATION_FORMAT = dwarf;
				ENABLE_STRICT_OBJC_MSGSEND = YES;
				ENABLE_TESTABILITY = YES;
				ENABLE_USER_SCRIPT_SANDBOXING = YES;
				GCC_C_LANGUAGE_STANDARD = gnu17;
				GCC_DYNAMIC_NO_PIC = NO;
				GCC_NO_COMMON_BLOCKS = YES;
				GCC_OPTIMIZATION_LEVEL = 0;
				GCC_PREPROCESSOR_DEFINITIONS = (
					"DEBUG=1",
					"$(inherited)",
				);
				GCC_WARN_64_TO_32_BIT_CONVERSION = YES;
				GCC_WARN_ABOUT_RETURN_TYPE = YES_ERROR;
				GCC_WARN_UNDECLARED_SELECTOR = YES;
				GCC_WARN_UNINITIALIZED_AUTOS = YES_AGGRESSIVE;
				GCC_WARN_UNUSED_FUNCTION = YES;
				GCC_WARN_UNUSED_VARIABLE = YES;
				LOCALIZATION_PREFERS_STRING_CATALOGS = YES;
				MTL_ENABLE_DEBUG_INFO = INCLUDE_SOURCE;
				MTL_FAST_MATH = YES;
				ONLY_ACTIVE_ARCH = YES;
				SWIFT_ACTIVE_COMPILATION_CONDITIONS = "DEBUG $(inherited)";
				SWIFT_OPTIMIZATION_LEVEL = "-Onone";
			};
			name = Debug;
		};
		9958FE892B338C4E00D5B370 /* Release */ = {
			isa = XCBuildConfiguration;
			buildSettings = {
				ALWAYS_SEARCH_USER_PATHS = NO;
				ASSETCATALOG_COMPILER_GENERATE_SWIFT_ASSET_SYMBOL_EXTENSIONS = YES;
				CLANG_ANALYZER_NONNULL = YES;
				CLANG_ANALYZER_NUMBER_OBJECT_CONVERSION = YES_AGGRESSIVE;
				CLANG_CXX_LANGUAGE_STANDARD = "gnu++20";
				CLANG_ENABLE_MODULES = YES;
				CLANG_ENABLE_OBJC_ARC = YES;
				CLANG_ENABLE_OBJC_WEAK = YES;
				CLANG_WARN_BLOCK_CAPTURE_AUTORELEASING = YES;
				CLANG_WARN_BOOL_CONVERSION = YES;
				CLANG_WARN_COMMA = YES;
				CLANG_WARN_CONSTANT_CONVERSION = YES;
				CLANG_WARN_DEPRECATED_OBJC_IMPLEMENTATIONS = YES;
				CLANG_WARN_DIRECT_OBJC_ISA_USAGE = YES_ERROR;
				CLANG_WARN_DOCUMENTATION_COMMENTS = YES;
				CLANG_WARN_EMPTY_BODY = YES;
				CLANG_WARN_ENUM_CONVERSION = YES;
				CLANG_WARN_INFINITE_RECURSION = YES;
				CLANG_WARN_INT_CONVERSION = YES;
				CLANG_WARN_NON_LITERAL_NULL_CONVERSION = YES;
				CLANG_WARN_OBJC_IMPLICIT_RETAIN_SELF = YES;
				CLANG_WARN_OBJC_LITERAL_CONVERSION = YES;
				CLANG_WARN_OBJC_ROOT_CLASS = YES_ERROR;
				CLANG_WARN_QUOTED_INCLUDE_IN_FRAMEWORK_HEADER = YES;
				CLANG_WARN_RANGE_LOOP_ANALYSIS = YES;
				CLANG_WARN_STRICT_PROTOTYPES = YES;
				CLANG_WARN_SUSPICIOUS_MOVE = YES;
				CLANG_WARN_UNGUARDED_AVAILABILITY = YES_AGGRESSIVE;
				CLANG_WARN_UNREACHABLE_CODE = YES;
				CLANG_WARN__DUPLICATE_METHOD_MATCH = YES;
				COPY_PHASE_STRIP = NO;
				DEBUG_INFORMATION_FORMAT = "dwarf-with-dsym";
				ENABLE_NS_ASSERTIONS = NO;
				ENABLE_STRICT_OBJC_MSGSEND = YES;
				ENABLE_USER_SCRIPT_SANDBOXING = YES;
				GCC_C_LANGUAGE_STANDARD = gnu17;
				GCC_NO_COMMON_BLOCKS = YES;
				GCC_WARN_64_TO_32_BIT_CONVERSION = YES;
				GCC_WARN_ABOUT_RETURN_TYPE = YES_ERROR;
				GCC_WARN_UNDECLARED_SELECTOR = YES;
				GCC_WARN_UNINITIALIZED_AUTOS = YES_AGGRESSIVE;
				GCC_WARN_UNUSED_FUNCTION = YES;
				GCC_WARN_UNUSED_VARIABLE = YES;
				LOCALIZATION_PREFERS_STRING_CATALOGS = YES;
				MTL_ENABLE_DEBUG_INFO = NO;
				MTL_FAST_MATH = YES;
				SWIFT_COMPILATION_MODE = wholemodule;
			};
			name = Release;
		};
		9958FE8B2B338C4E00D5B370 /* Debug */ = {
			isa = XCBuildConfiguration;
			buildSettings = {
				ASSETCATALOG_COMPILER_APPICON_NAME = AppIcon;
				ASSETCATALOG_COMPILER_GLOBAL_ACCENT_COLOR_NAME = AccentColor;
				CODE_SIGN_ENTITLEMENTS = iDrive/iDrive.entitlements;
				CODE_SIGN_STYLE = Automatic;
				CURRENT_PROJECT_VERSION = 1;
				DEVELOPMENT_ASSET_PATHS = "\"iDrive/Preview Content\"";
				DEVELOPMENT_TEAM = QH3T53K3KZ;
				ENABLE_HARDENED_RUNTIME = YES;
				ENABLE_PREVIEWS = YES;
				ENABLE_USER_SCRIPT_SANDBOXING = NO;
				GENERATE_INFOPLIST_FILE = YES;
				INFOPLIST_FILE = iDrive/Info.plist;
				INFOPLIST_KEY_NSLocationAlwaysAndWhenInUseUsageDescription = "iDrive is requesting your location to show you the nearest cars for you";
				INFOPLIST_KEY_NSLocationWhenInUseUsageDescription = "iDrive is requesting your location to show you the nearest cars for you";
				"INFOPLIST_KEY_UIApplicationSceneManifest_Generation[sdk=iphoneos*]" = YES;
				"INFOPLIST_KEY_UIApplicationSceneManifest_Generation[sdk=iphonesimulator*]" = YES;
				"INFOPLIST_KEY_UIApplicationSupportsIndirectInputEvents[sdk=iphoneos*]" = YES;
				"INFOPLIST_KEY_UIApplicationSupportsIndirectInputEvents[sdk=iphonesimulator*]" = YES;
				"INFOPLIST_KEY_UILaunchScreen_Generation[sdk=iphoneos*]" = YES;
				"INFOPLIST_KEY_UILaunchScreen_Generation[sdk=iphonesimulator*]" = YES;
				"INFOPLIST_KEY_UIStatusBarStyle[sdk=iphoneos*]" = UIStatusBarStyleDefault;
				"INFOPLIST_KEY_UIStatusBarStyle[sdk=iphonesimulator*]" = UIStatusBarStyleDefault;
				INFOPLIST_KEY_UISupportedInterfaceOrientations_iPad = "UIInterfaceOrientationPortrait UIInterfaceOrientationPortraitUpsideDown UIInterfaceOrientationLandscapeLeft UIInterfaceOrientationLandscapeRight";
				INFOPLIST_KEY_UISupportedInterfaceOrientations_iPhone = "UIInterfaceOrientationPortrait UIInterfaceOrientationLandscapeLeft UIInterfaceOrientationLandscapeRight";
				IPHONEOS_DEPLOYMENT_TARGET = 17.0;
				LD_RUNPATH_SEARCH_PATHS = "@executable_path/Frameworks";
				"LD_RUNPATH_SEARCH_PATHS[sdk=macosx*]" = "@executable_path/../Frameworks";
				MACOSX_DEPLOYMENT_TARGET = 14.1;
				MARKETING_VERSION = 1.0;
				PRODUCT_BUNDLE_IDENTIFIER = com.raynmore.iDrive;
				PRODUCT_NAME = "$(TARGET_NAME)";
				SDKROOT = auto;
				SUPPORTED_PLATFORMS = "iphoneos iphonesimulator macosx";
				SWIFT_EMIT_LOC_STRINGS = YES;
				SWIFT_VERSION = 5.0;
				TARGETED_DEVICE_FAMILY = "1,2";
			};
			name = Debug;
		};
		9958FE8C2B338C4E00D5B370 /* Release */ = {
			isa = XCBuildConfiguration;
			buildSettings = {
				ASSETCATALOG_COMPILER_APPICON_NAME = AppIcon;
				ASSETCATALOG_COMPILER_GLOBAL_ACCENT_COLOR_NAME = AccentColor;
				CODE_SIGN_ENTITLEMENTS = iDrive/iDrive.entitlements;
				CODE_SIGN_STYLE = Automatic;
				CURRENT_PROJECT_VERSION = 1;
				DEVELOPMENT_ASSET_PATHS = "\"iDrive/Preview Content\"";
				DEVELOPMENT_TEAM = QH3T53K3KZ;
				ENABLE_HARDENED_RUNTIME = YES;
				ENABLE_PREVIEWS = YES;
				ENABLE_USER_SCRIPT_SANDBOXING = NO;
				GENERATE_INFOPLIST_FILE = YES;
				INFOPLIST_FILE = iDrive/Info.plist;
				INFOPLIST_KEY_NSLocationAlwaysAndWhenInUseUsageDescription = "iDrive is requesting your location to show you the nearest cars for you";
				INFOPLIST_KEY_NSLocationWhenInUseUsageDescription = "iDrive is requesting your location to show you the nearest cars for you";
				"INFOPLIST_KEY_UIApplicationSceneManifest_Generation[sdk=iphoneos*]" = YES;
				"INFOPLIST_KEY_UIApplicationSceneManifest_Generation[sdk=iphonesimulator*]" = YES;
				"INFOPLIST_KEY_UIApplicationSupportsIndirectInputEvents[sdk=iphoneos*]" = YES;
				"INFOPLIST_KEY_UIApplicationSupportsIndirectInputEvents[sdk=iphonesimulator*]" = YES;
				"INFOPLIST_KEY_UILaunchScreen_Generation[sdk=iphoneos*]" = YES;
				"INFOPLIST_KEY_UILaunchScreen_Generation[sdk=iphonesimulator*]" = YES;
				"INFOPLIST_KEY_UIStatusBarStyle[sdk=iphoneos*]" = UIStatusBarStyleDefault;
				"INFOPLIST_KEY_UIStatusBarStyle[sdk=iphonesimulator*]" = UIStatusBarStyleDefault;
				INFOPLIST_KEY_UISupportedInterfaceOrientations_iPad = "UIInterfaceOrientationPortrait UIInterfaceOrientationPortraitUpsideDown UIInterfaceOrientationLandscapeLeft UIInterfaceOrientationLandscapeRight";
				INFOPLIST_KEY_UISupportedInterfaceOrientations_iPhone = "UIInterfaceOrientationPortrait UIInterfaceOrientationLandscapeLeft UIInterfaceOrientationLandscapeRight";
				IPHONEOS_DEPLOYMENT_TARGET = 17.0;
				LD_RUNPATH_SEARCH_PATHS = "@executable_path/Frameworks";
				"LD_RUNPATH_SEARCH_PATHS[sdk=macosx*]" = "@executable_path/../Frameworks";
				MACOSX_DEPLOYMENT_TARGET = 14.1;
				MARKETING_VERSION = 1.0;
				PRODUCT_BUNDLE_IDENTIFIER = com.raynmore.iDrive;
				PRODUCT_NAME = "$(TARGET_NAME)";
				SDKROOT = auto;
				SUPPORTED_PLATFORMS = "iphoneos iphonesimulator macosx";
				SWIFT_EMIT_LOC_STRINGS = YES;
				SWIFT_VERSION = 5.0;
				TARGETED_DEVICE_FAMILY = "1,2";
			};
			name = Release;
		};
/* End XCBuildConfiguration section */

/* Begin XCConfigurationList section */
		9958FE762B338C4C00D5B370 /* Build configuration list for PBXProject "iDrive" */ = {
			isa = XCConfigurationList;
			buildConfigurations = (
				9958FE882B338C4E00D5B370 /* Debug */,
				9958FE892B338C4E00D5B370 /* Release */,
			);
			defaultConfigurationIsVisible = 0;
			defaultConfigurationName = Release;
		};
		9958FE8A2B338C4E00D5B370 /* Build configuration list for PBXNativeTarget "iDrive" */ = {
			isa = XCConfigurationList;
			buildConfigurations = (
				9958FE8B2B338C4E00D5B370 /* Debug */,
				9958FE8C2B338C4E00D5B370 /* Release */,
			);
			defaultConfigurationIsVisible = 0;
			defaultConfigurationName = Release;
		};
/* End XCConfigurationList section */

/* Begin XCRemoteSwiftPackageReference section */
		992308F72B4362460091AE14 /* XCRemoteSwiftPackageReference "Alamofire" */ = {
			isa = XCRemoteSwiftPackageReference;
			repositoryURL = "https://github.com/Alamofire/Alamofire";
			requirement = {
				kind = upToNextMajorVersion;
				minimumVersion = 5.8.1;
			};
		};
/* End XCRemoteSwiftPackageReference section */

/* Begin XCSwiftPackageProductDependency section */
		992308F82B4362460091AE14 /* Alamofire */ = {
			isa = XCSwiftPackageProductDependency;
			package = 992308F72B4362460091AE14 /* XCRemoteSwiftPackageReference "Alamofire" */;
			productName = Alamofire;
		};
/* End XCSwiftPackageProductDependency section */
	};
	rootObject = 9958FE732B338C4C00D5B370 /* Project object */;
}
